
Microsoft Visual Studio Solution File, Format Version 12.00
# Visual Studio Version 17
VisualStudioVersion = 17.10.35013.160
MinimumVisualStudioVersion = 10.0.40219.1
Project("{FAE04EC0-301F-11D3-BF4B-00C04F79EFBC}") = "JWT_&_Auth", "JWT_&_Auth.csproj", "{33CE5FC2-FEA7-44CF-9953-8BD5CB98DC0F}"
EndProject
Global
	GlobalSection(SolutionConfigurationPlatforms) = preSolution
		Debug|Any CPU = Debug|Any CPU
		Release|Any CPU = Release|Any CPU
	EndGlobalSection
	GlobalSection(ProjectConfigurationPlatforms) = postSolution
		{33CE5FC2-FEA7-44CF-9953-8BD5CB98DC0F}.Debug|Any CPU.ActiveCfg = Debug|Any CPU
		{33CE5FC2-FEA7-44CF-9953-8BD5CB98DC0F}.Debug|Any CPU.Build.0 = Debug|Any CPU
		{33CE5FC2-FEA7-44CF-9953-8BD5CB98DC0F}.Release|Any CPU.ActiveCfg = Release|Any CPU
		{33CE5FC2-FEA7-44CF-9953-8BD5CB98DC0F}.Release|Any CPU.Build.0 = Release|Any CPU
	EndGlobalSection
	GlobalSection(SolutionProperties) = preSolution
		HideSolutionNode = FALSE
	EndGlobalSection
	GlobalSection(ExtensibilityGlobals) = postSolution
		SolutionGuid = {1B4CFFA2-EC40-427A-A67C-09DA90210E91}
	EndGlobalSection
EndGlobal
